
Microsoft Visual Studio Solution File, Format Version 12.00
# Visual Studio Version 17
VisualStudioVersion = 17.5.33530.505
MinimumVisualStudioVersion = 10.0.40219.1
Project("{9A19103F-16F7-4668-BE54-9A1E7A4F7556}") = "Senkel.Collections.Composites", "Composites\Senkel.Collections.Composites.csproj", "{3504480A-9F2E-4A69-93DB-CC34DDB6EEEF}"
EndProject
Project("{9A19103F-16F7-4668-BE54-9A1E7A4F7556}") = "Senkel.Collections.Conversions", "Conversions\Senkel.Collections.Conversions.csproj", "{2DA9C349-7D6B-42E3-9929-4D77DF797318}"
EndProject
Project("{9A19103F-16F7-4668-BE54-9A1E7A4F7556}") = "Senkel.Collections.Model", "Model\Senkel.Collections.Model.csproj", "{BAC47D7B-0516-4D49-B3B5-042EBBEBFF27}"
EndProject
Global
	GlobalSection(SolutionConfigurationPlatforms) = preSolution
		Debug|Any CPU = Debug|Any CPU
		Release|Any CPU = Release|Any CPU
	EndGlobalSection
	GlobalSection(ProjectConfigurationPlatforms) = postSolution
		{3504480A-9F2E-4A69-93DB-CC34DDB6EEEF}.Debug|Any CPU.ActiveCfg = Debug|Any CPU
		{3504480A-9F2E-4A69-93DB-CC34DDB6EEEF}.Debug|Any CPU.Build.0 = Debug|Any CPU
		{3504480A-9F2E-4A69-93DB-CC34DDB6EEEF}.Release|Any CPU.ActiveCfg = Release|Any CPU
		{3504480A-9F2E-4A69-93DB-CC34DDB6EEEF}.Release|Any CPU.Build.0 = Release|Any CPU
		{2DA9C349-7D6B-42E3-9929-4D77DF797318}.Debug|Any CPU.ActiveCfg = Debug|Any CPU
		{2DA9C349-7D6B-42E3-9929-4D77DF797318}.Debug|Any CPU.Build.0 = Debug|Any CPU
		{2DA9C349-7D6B-42E3-9929-4D77DF797318}.Release|Any CPU.ActiveCfg = Release|Any CPU
		{2DA9C349-7D6B-42E3-9929-4D77DF797318}.Release|Any CPU.Build.0 = Release|Any CPU
		{BAC47D7B-0516-4D49-B3B5-042EBBEBFF27}.Debug|Any CPU.ActiveCfg = Debug|Any CPU
		{BAC47D7B-0516-4D49-B3B5-042EBBEBFF27}.Debug|Any CPU.Build.0 = Debug|Any CPU
		{BAC47D7B-0516-4D49-B3B5-042EBBEBFF27}.Release|Any CPU.ActiveCfg = Release|Any CPU
		{BAC47D7B-0516-4D49-B3B5-042EBBEBFF27}.Release|Any CPU.Build.0 = Release|Any CPU
	EndGlobalSection
	GlobalSection(SolutionProperties) = preSolution
		HideSolutionNode = FALSE
	EndGlobalSection
	GlobalSection(ExtensibilityGlobals) = postSolution
		SolutionGuid = {A5717E90-DDA2-56E8-98EF-2AA1F51667A9}
	EndGlobalSection
EndGlobal
